
Microsoft Visual Studio Solution File, Format Version 12.00
# Visual Studio Version 17
VisualStudioVersion = 17.5.2.0
MinimumVisualStudioVersion = 10.0.40219.1
Project("{FAE04EC0-301F-11D3-BF4B-00C04F79EFBC}") = "MedicalSystem.API", "MedicalSystem.API\MedicalSystem.API.csproj", "{B6EAC20F-A3AE-71DE-D0C2-70BF61D088D5}"
EndProject
Project("{FAE04EC0-301F-11D3-BF4B-00C04F79EFBC}") = "MedicalSystem.Domain", "MedicalSystem.Domain\MedicalSystem.Domain.csproj", "{E044B9DF-1CE2-9737-A4B2-9FEC39A05938}"
EndProject
Project("{FAE04EC0-301F-11D3-BF4B-00C04F79EFBC}") = "MedicalSystem.Infrastructure", "MedicalSystem.Infrastructure\MedicalSystem.Infrastructure.csproj", "{E13A70ED-7D94-F229-28B0-6152B1019B4F}"
EndProject
Project("{FAE04EC0-301F-11D3-BF4B-00C04F79EFBC}") = "MedicalSystem.Application", "MedicalSystem.Application\MedicalSystem.Application.csproj", "{F272278B-943A-9FFF-FAFC-079810A976AE}"
EndProject
Project("{FAE04EC0-301F-11D3-BF4B-00C04F79EFBC}") = "MedicalSystem.Web", "MedicalSystem.Web\MedicalSystem.Web.csproj", "{77FA3E81-31A5-5955-5F2A-4AC4F83604F4}"
EndProject
Project("{FAE04EC0-301F-11D3-BF4B-00C04F79EFBC}") = "MedicalSystem.Staff", "MedicalSystem.Staff\MedicalSystem.Staff.csproj", "{B31D448A-CB49-717E-4EBF-A7BA49D5317C}"
EndProject
Global
	GlobalSection(SolutionConfigurationPlatforms) = preSolution
		Debug|Any CPU = Debug|Any CPU
		Debug|x64 = Debug|x64
		Debug|x86 = Debug|x86
		Release|Any CPU = Release|Any CPU
		Release|x64 = Release|x64
		Release|x86 = Release|x86
	EndGlobalSection
	GlobalSection(ProjectConfigurationPlatforms) = postSolution
		{B6EAC20F-A3AE-71DE-D0C2-70BF61D088D5}.Debug|Any CPU.ActiveCfg = Debug|Any CPU
		{B6EAC20F-A3AE-71DE-D0C2-70BF61D088D5}.Debug|Any CPU.Build.0 = Debug|Any CPU
		{B6EAC20F-A3AE-71DE-D0C2-70BF61D088D5}.Debug|x64.ActiveCfg = Debug|Any CPU
		{B6EAC20F-A3AE-71DE-D0C2-70BF61D088D5}.Debug|x64.Build.0 = Debug|Any CPU
		{B6EAC20F-A3AE-71DE-D0C2-70BF61D088D5}.Debug|x86.ActiveCfg = Debug|Any CPU
		{B6EAC20F-A3AE-71DE-D0C2-70BF61D088D5}.Debug|x86.Build.0 = Debug|Any CPU
		{B6EAC20F-A3AE-71DE-D0C2-70BF61D088D5}.Release|Any CPU.ActiveCfg = Release|Any CPU
		{B6EAC20F-A3AE-71DE-D0C2-70BF61D088D5}.Release|Any CPU.Build.0 = Release|Any CPU
		{B6EAC20F-A3AE-71DE-D0C2-70BF61D088D5}.Release|x64.ActiveCfg = Release|Any CPU
		{B6EAC20F-A3AE-71DE-D0C2-70BF61D088D5}.Release|x64.Build.0 = Release|Any CPU
		{B6EAC20F-A3AE-71DE-D0C2-70BF61D088D5}.Release|x86.ActiveCfg = Release|Any CPU
		{B6EAC20F-A3AE-71DE-D0C2-70BF61D088D5}.Release|x86.Build.0 = Release|Any CPU
		{E044B9DF-1CE2-9737-A4B2-9FEC39A05938}.Debug|Any CPU.ActiveCfg = Debug|Any CPU
		{E044B9DF-1CE2-9737-A4B2-9FEC39A05938}.Debug|Any CPU.Build.0 = Debug|Any CPU
		{E044B9DF-1CE2-9737-A4B2-9FEC39A05938}.Debug|x64.ActiveCfg = Debug|Any CPU
		{E044B9DF-1CE2-9737-A4B2-9FEC39A05938}.Debug|x64.Build.0 = Debug|Any CPU
		{E044B9DF-1CE2-9737-A4B2-9FEC39A05938}.Debug|x86.ActiveCfg = Debug|Any CPU
		{E044B9DF-1CE2-9737-A4B2-9FEC39A05938}.Debug|x86.Build.0 = Debug|Any CPU
		{E044B9DF-1CE2-9737-A4B2-9FEC39A05938}.Release|Any CPU.ActiveCfg = Release|Any CPU
		{E044B9DF-1CE2-9737-A4B2-9FEC39A05938}.Release|Any CPU.Build.0 = Release|Any CPU
		{E044B9DF-1CE2-9737-A4B2-9FEC39A05938}.Release|x64.ActiveCfg = Release|Any CPU
		{E044B9DF-1CE2-9737-A4B2-9FEC39A05938}.Release|x64.Build.0 = Release|Any CPU
		{E044B9DF-1CE2-9737-A4B2-9FEC39A05938}.Release|x86.ActiveCfg = Release|Any CPU
		{E044B9DF-1CE2-9737-A4B2-9FEC39A05938}.Release|x86.Build.0 = Release|Any CPU
		{E13A70ED-7D94-F229-28B0-6152B1019B4F}.Debug|Any CPU.ActiveCfg = Debug|Any CPU
		{E13A70ED-7D94-F229-28B0-6152B1019B4F}.Debug|Any CPU.Build.0 = Debug|Any CPU
		{E13A70ED-7D94-F229-28B0-6152B1019B4F}.Debug|x64.ActiveCfg = Debug|Any CPU
		{E13A70ED-7D94-F229-28B0-6152B1019B4F}.Debug|x64.Build.0 = Debug|Any CPU
		{E13A70ED-7D94-F229-28B0-6152B1019B4F}.Debug|x86.ActiveCfg = Debug|Any CPU
		{E13A70ED-7D94-F229-28B0-6152B1019B4F}.Debug|x86.Build.0 = Debug|Any CPU
		{E13A70ED-7D94-F229-28B0-6152B1019B4F}.Release|Any CPU.ActiveCfg = Release|Any CPU
		{E13A70ED-7D94-F229-28B0-6152B1019B4F}.Release|Any CPU.Build.0 = Release|Any CPU
		{E13A70ED-7D94-F229-28B0-6152B1019B4F}.Release|x64.ActiveCfg = Release|Any CPU
		{E13A70ED-7D94-F229-28B0-6152B1019B4F}.Release|x64.Build.0 = Release|Any CPU
		{E13A70ED-7D94-F229-28B0-6152B1019B4F}.Release|x86.ActiveCfg = Release|Any CPU
		{E13A70ED-7D94-F229-28B0-6152B1019B4F}.Release|x86.Build.0 = Release|Any CPU
		{F272278B-943A-9FFF-FAFC-079810A976AE}.Debug|Any CPU.ActiveCfg = Debug|Any CPU
		{F272278B-943A-9FFF-FAFC-079810A976AE}.Debug|Any CPU.Build.0 = Debug|Any CPU
		{F272278B-943A-9FFF-FAFC-079810A976AE}.Debug|x64.ActiveCfg = Debug|Any CPU
		{F272278B-943A-9FFF-FAFC-079810A976AE}.Debug|x64.Build.0 = Debug|Any CPU
		{F272278B-943A-9FFF-FAFC-079810A976AE}.Debug|x86.ActiveCfg = Debug|Any CPU
		{F272278B-943A-9FFF-FAFC-079810A976AE}.Debug|x86.Build.0 = Debug|Any CPU
		{F272278B-943A-9FFF-FAFC-079810A976AE}.Release|Any CPU.ActiveCfg = Release|Any CPU
		{F272278B-943A-9FFF-FAFC-079810A976AE}.Release|Any CPU.Build.0 = Release|Any CPU
		{F272278B-943A-9FFF-FAFC-079810A976AE}.Release|x64.ActiveCfg = Release|Any CPU
		{F272278B-943A-9FFF-FAFC-079810A976AE}.Release|x64.Build.0 = Release|Any CPU
		{F272278B-943A-9FFF-FAFC-079810A976AE}.Release|x86.ActiveCfg = Release|Any CPU
		{F272278B-943A-9FFF-FAFC-079810A976AE}.Release|x86.Build.0 = Release|Any CPU
		{77FA3E81-31A5-5955-5F2A-4AC4F83604F4}.Debug|Any CPU.ActiveCfg = Debug|Any CPU
		{77FA3E81-31A5-5955-5F2A-4AC4F83604F4}.Debug|Any CPU.Build.0 = Debug|Any CPU
		{77FA3E81-31A5-5955-5F2A-4AC4F83604F4}.Debug|x64.ActiveCfg = Debug|Any CPU
		{77FA3E81-31A5-5955-5F2A-4AC4F83604F4}.Debug|x64.Build.0 = Debug|Any CPU
		{77FA3E81-31A5-5955-5F2A-4AC4F83604F4}.Debug|x86.ActiveCfg = Debug|Any CPU
		{77FA3E81-31A5-5955-5F2A-4AC4F83604F4}.Debug|x86.Build.0 = Debug|Any CPU
		{77FA3E81-31A5-5955-5F2A-4AC4F83604F4}.Release|Any CPU.ActiveCfg = Release|Any CPU
		{77FA3E81-31A5-5955-5F2A-4AC4F83604F4}.Release|Any CPU.Build.0 = Release|Any CPU
		{77FA3E81-31A5-5955-5F2A-4AC4F83604F4}.Release|x64.ActiveCfg = Release|Any CPU
		{77FA3E81-31A5-5955-5F2A-4AC4F83604F4}.Release|x64.Build.0 = Release|Any CPU
		{77FA3E81-31A5-5955-5F2A-4AC4F83604F4}.Release|x86.ActiveCfg = Release|Any CPU
		{77FA3E81-31A5-5955-5F2A-4AC4F83604F4}.Release|x86.Build.0 = Release|Any CPU
		{B31D448A-CB49-717E-4EBF-A7BA49D5317C}.Debug|Any CPU.ActiveCfg = Debug|Any CPU
		{B31D448A-CB49-717E-4EBF-A7BA49D5317C}.Debug|Any CPU.Build.0 = Debug|Any CPU
		{B31D448A-CB49-717E-4EBF-A7BA49D5317C}.Debug|x64.ActiveCfg = Debug|Any CPU
		{B31D448A-CB49-717E-4EBF-A7BA49D5317C}.Debug|x64.Build.0 = Debug|Any CPU
		{B31D448A-CB49-717E-4EBF-A7BA49D5317C}.Debug|x86.ActiveCfg = Debug|Any CPU
		{B31D448A-CB49-717E-4EBF-A7BA49D5317C}.Debug|x86.Build.0 = Debug|Any CPU
		{B31D448A-CB49-717E-4EBF-A7BA49D5317C}.Release|Any CPU.ActiveCfg = Release|Any CPU
		{B31D448A-CB49-717E-4EBF-A7BA49D5317C}.Release|Any CPU.Build.0 = Release|Any CPU
		{B31D448A-CB49-717E-4EBF-A7BA49D5317C}.Release|x64.ActiveCfg = Release|Any CPU
		{B31D448A-CB49-717E-4EBF-A7BA49D5317C}.Release|x64.Build.0 = Release|Any CPU
		{B31D448A-CB49-717E-4EBF-A7BA49D5317C}.Release|x86.ActiveCfg = Release|Any CPU
		{B31D448A-CB49-717E-4EBF-A7BA49D5317C}.Release|x86.Build.0 = Release|Any CPU
	EndGlobalSection
	GlobalSection(SolutionProperties) = preSolution
		HideSolutionNode = FALSE
	EndGlobalSection
	GlobalSection(ExtensibilityGlobals) = postSolution
		SolutionGuid = {EFBE8B41-A1D6-405E-B155-2C2C74B91905}
	EndGlobalSection
EndGlobal
